<?xml version="1.0" encoding="utf-8"?>
<Project ToolsVersion="4.0" xmlns="http://schemas.microsoft.com/developer/msbuild/2003">
  <ItemGroup>
    <Filter Include="Файлы заголовков">
      <UniqueIdentifier>{93995380-89BD-4b04-88EB-625FBE52EBFB}</UniqueIdentifier>
      <Extensions>h;hh;hpp;hxx;h++;hm;inl;inc;ipp;xsd</Extensions>
    </Filter>
    <Filter Include="Файлы ресурсов">
      <UniqueIdentifier>{67DA6AB6-F800-4c08-8B7A-83BB121AAD01}</UniqueIdentifier>
      <Extensions>rc;ico;cur;bmp;dlg;rc2;rct;bin;rgs;gif;jpg;jpeg;jpe;resx;tiff;tif;png;wav;mfcribbon-ms</Extensions>
    </Filter>
  </ItemGroup>
  <ItemGroup>
    <ClCompile Include="S_Block.cpp" />
    <ClCompile Include="P_Block.cpp" />
    <ClCompile Include="Separator.cpp" />
    <ClCompile Include="KeyGen.cpp" />
    <ClCompile Include="Section.cpp" />
    <ClCompile Include="MyForm.cpp">
      <Filter>Файлы заголовков</Filter>
    </ClCompile>
    <ClCompile Include="Drawer.cpp" />
  </ItemGroup>
  <ItemGroup>
    <ClInclude Include="MyForm.h">
      <Filter>Файлы заголовков</Filter>
    </ClInclude>
    <ClInclude Include="S_Block.h">
      <Filter>Файлы заголовков</Filter>
    </ClInclude>
    <ClInclude Include="P_Block.h">
      <Filter>Файлы заголовков</Filter>
    </ClInclude>
    <ClInclude Include="Separator.h">
      <Filter>Файлы заголовков</Filter>
    </ClInclude>
    <ClInclude Include="KeyGen.h">
      <Filter>Файлы заголовков</Filter>
    </ClInclude>
    <ClInclude Include="Section.h">
      <Filter>Файлы заголовков</Filter>
    </ClInclude>
    <ClInclude Include="Drawer.h">
      <Filter>Файлы заголовков</Filter>
    </ClInclude>
  </ItemGroup>
</Project>